{
  "version": 4,
  "terraform_version": "1.7.1",
  "serial": 10,
  "lineage": "60f8b5ab-2720-8c3c-5da7-9136ef72653d",
  "outputs": {},
  "resources": [
    {
      "mode": "data",
      "type": "azurerm_client_config",
      "name": "current",
      "provider": "provider[\"registry.terraform.io/hashicorp/azurerm\"]",
      "instances": [
        {
          "schema_version": 0,
          "attributes": {
            "client_id": "04b07795-8ddb-461a-bbee-02f9e1bf7b46",
            "id": "Y2xpZW50Q29uZmlncy9jbGllbnRJZD0wNGIwNzc5NS04ZGRiLTQ2MWEtYmJlZS0wMmY5ZTFiZjdiNDY7b2JqZWN0SWQ9M2E0ZTg0Y2ItMjQ3ZS00MGU4LThjOTYtMjJkOTgyZjA4MWU2O3N1YnNjcmlwdGlvbklkPTFkYWJjZjA5LTg2MWMtNDM3NC1hZWJmLWQ2M2JlNTA5NTY0Yjt0ZW5hbnRJZD03NmVmNjdmZS1lZDVjLTQ1NGMtYmQ0NS1jMzUyZjc0MGZjOGY=",
            "object_id": "3a4e84cb-247e-40e8-8c96-22d982f081e6",
            "subscription_id": "1dabcf09-861c-4374-aebf-d63be509564b",
            "tenant_id": "76ef67fe-ed5c-454c-bd45-c352f740fc8f",
            "timeouts": null
          },
          "sensitive_attributes": []
        }
      ]
    },
    {
      "mode": "managed",
      "type": "azurerm_resource_group",
      "name": "rg",
      "provider": "provider[\"registry.terraform.io/hashicorp/azurerm\"]",
      "instances": [
        {
          "schema_version": 0,
          "attributes": {
            "id": "/subscriptions/1dabcf09-861c-4374-aebf-d63be509564b/resourceGroups/rg-4-fhir",
            "location": "southcentralus",
            "managed_by": "",
            "name": "rg-4-fhir",
            "tags": {},
            "timeouts": null
          },
          "sensitive_attributes": [],
          "private": "eyJlMmJmYjczMC1lY2FhLTExZTYtOGY4OC0zNDM2M2JjN2M0YzAiOnsiY3JlYXRlIjo1NDAwMDAwMDAwMDAwLCJkZWxldGUiOjU0MDAwMDAwMDAwMDAsInJlYWQiOjMwMDAwMDAwMDAwMCwidXBkYXRlIjo1NDAwMDAwMDAwMDAwfX0="
        }
      ]
    }
  ],
  "check_results": null
}
